// !$*UTF8*$!
{
	archiveVersion = 1;
	classes = {
	};
	objectVersion = 77;
	objects = {

/* Begin PBXBuildFile section */
		40C5BA642D6A123800E7AA91 /* Actions.sks in Resources */ = {isa = PBXBuildFile; fileRef = 40C5BA592D6A123800E7AA91 /* Actions.sks */; };
		40C5BA652D6A123800E7AA91 /* Assets.xcassets in Resources */ = {isa = PBXBuildFile; fileRef = 40C5BA5B2D6A123800E7AA91 /* Assets.xcassets */; };
		40C5BA662D6A123800E7AA91 /* GameScene.sks in Resources */ = {isa = PBXBuildFile; fileRef = 40C5BA5C2D6A123800E7AA91 /* GameScene.sks */; };
		40C5BA672D6A123800E7AA91 /* LaunchScreen.storyboard in Resources */ = {isa = PBXBuildFile; fileRef = 40C5BA602D6A123800E7AA91 /* LaunchScreen.storyboard */; };
		40C5BA682D6A123800E7AA91 /* Main.storyboard in Resources */ = {isa = PBXBuildFile; fileRef = 40C5BA622D6A123800E7AA91 /* Main.storyboard */; };
		40C5BA692D6A123800E7AA91 /* GameScene+Ext.swift in Sources */ = {isa = PBXBuildFile; fileRef = 40C5BA552D6A123800E7AA91 /* GameScene+Ext.swift */; };
		40C5BA6A2D6A123800E7AA91 /* Constants+utils.swift in Sources */ = {isa = PBXBuildFile; fileRef = 40C5BA572D6A123800E7AA91 /* Constants+utils.swift */; };
		40C5BA6B2D6A123800E7AA91 /* AppDelegate.swift in Sources */ = {isa = PBXBuildFile; fileRef = 40C5BA5A2D6A123800E7AA91 /* AppDelegate.swift */; };
		40C5BA6C2D6A123800E7AA91 /* GameScene.swift in Sources */ = {isa = PBXBuildFile; fileRef = 40C5BA5D2D6A123800E7AA91 /* GameScene.swift */; };
		40C5BA6D2D6A123800E7AA91 /* GameViewController.swift in Sources */ = {isa = PBXBuildFile; fileRef = 40C5BA5E2D6A123800E7AA91 /* GameViewController.swift */; };
		40C5BA7C2D6A124B00E7AA91 /* background.jpg in Resources */ = {isa = PBXBuildFile; fileRef = 40C5BA6E2D6A124B00E7AA91 /* background.jpg */; };
		40C5BA7D2D6A124B00E7AA91 /* background@2x.jpg in Resources */ = {isa = PBXBuildFile; fileRef = 40C5BA6F2D6A124B00E7AA91 /* background@2x.jpg */; };
		40C5BA7E2D6A124B00E7AA91 /* block.png in Resources */ = {isa = PBXBuildFile; fileRef = 40C5BA702D6A124B00E7AA91 /* block.png */; };
		40C5BA7F2D6A124B00E7AA91 /* block@2x.png in Resources */ = {isa = PBXBuildFile; fileRef = 40C5BA712D6A124B00E7AA91 /* block@2x.png */; };
		40C5BA802D6A124B00E7AA91 /* finish.png in Resources */ = {isa = PBXBuildFile; fileRef = 40C5BA722D6A124B00E7AA91 /* finish.png */; };
		40C5BA812D6A124B00E7AA91 /* finish@2x.png in Resources */ = {isa = PBXBuildFile; fileRef = 40C5BA732D6A124B00E7AA91 /* finish@2x.png */; };
		40C5BA822D6A124B00E7AA91 /* level1.txt in Resources */ = {isa = PBXBuildFile; fileRef = 40C5BA742D6A124B00E7AA91 /* level1.txt */; };
		40C5BA832D6A124B00E7AA91 /* player.png in Resources */ = {isa = PBXBuildFile; fileRef = 40C5BA752D6A124B00E7AA91 /* player.png */; };
		40C5BA842D6A124B00E7AA91 /* player@2x.png in Resources */ = {isa = PBXBuildFile; fileRef = 40C5BA762D6A124B00E7AA91 /* player@2x.png */; };
		40C5BA852D6A124B00E7AA91 /* star.png in Resources */ = {isa = PBXBuildFile; fileRef = 40C5BA772D6A124B00E7AA91 /* star.png */; };
		40C5BA862D6A124B00E7AA91 /* star@2x.png in Resources */ = {isa = PBXBuildFile; fileRef = 40C5BA782D6A124B00E7AA91 /* star@2x.png */; };
		40C5BA872D6A124B00E7AA91 /* vortex.png in Resources */ = {isa = PBXBuildFile; fileRef = 40C5BA792D6A124B00E7AA91 /* vortex.png */; };
		40C5BA882D6A124B00E7AA91 /* vortex@2x.png in Resources */ = {isa = PBXBuildFile; fileRef = 40C5BA7A2D6A124B00E7AA91 /* vortex@2x.png */; };
/* End PBXBuildFile section */

/* Begin PBXContainerItemProxy section */
		40BBBCA52D0DF314009A1843 /* PBXContainerItemProxy */ = {
			isa = PBXContainerItemProxy;
			containerPortal = 40BBBC832D0DF30C009A1843 /* Project object */;
			proxyType = 1;
			remoteGlobalIDString = 40BBBC8A2D0DF30C009A1843;
			remoteInfo = "Project26-MarbleMaze";
		};
		40BBBCAF2D0DF314009A1843 /* PBXContainerItemProxy */ = {
			isa = PBXContainerItemProxy;
			containerPortal = 40BBBC832D0DF30C009A1843 /* Project object */;
			proxyType = 1;
			remoteGlobalIDString = 40BBBC8A2D0DF30C009A1843;
			remoteInfo = "Project26-MarbleMaze";
		};
/* End PBXContainerItemProxy section */

/* Begin PBXFileReference section */
		40BBBC8B2D0DF30C009A1843 /* Project26-MarbleMaze.app */ = {isa = PBXFileReference; explicitFileType = wrapper.application; includeInIndex = 0; path = "Project26-MarbleMaze.app"; sourceTree = BUILT_PRODUCTS_DIR; };
		40BBBCA42D0DF314009A1843 /* Project26-MarbleMazeTests.xctest */ = {isa = PBXFileReference; explicitFileType = wrapper.cfbundle; includeInIndex = 0; path = "Project26-MarbleMazeTests.xctest"; sourceTree = BUILT_PRODUCTS_DIR; };
		40BBBCAE2D0DF314009A1843 /* Project26-MarbleMazeUITests.xctest */ = {isa = PBXFileReference; explicitFileType = wrapper.cfbundle; includeInIndex = 0; path = "Project26-MarbleMazeUITests.xctest"; sourceTree = BUILT_PRODUCTS_DIR; };
		40C5BA552D6A123800E7AA91 /* GameScene+Ext.swift */ = {isa = PBXFileReference; lastKnownFileType = sourcecode.swift; path = "GameScene+Ext.swift"; sourceTree = "<group>"; };
		40C5BA572D6A123800E7AA91 /* Constants+utils.swift */ = {isa = PBXFileReference; lastKnownFileType = sourcecode.swift; path = "Constants+utils.swift"; sourceTree = "<group>"; };
		40C5BA592D6A123800E7AA91 /* Actions.sks */ = {isa = PBXFileReference; lastKnownFileType = file.sks; path = Actions.sks; sourceTree = "<group>"; };
		40C5BA5A2D6A123800E7AA91 /* AppDelegate.swift */ = {isa = PBXFileReference; lastKnownFileType = sourcecode.swift; path = AppDelegate.swift; sourceTree = "<group>"; };
		40C5BA5B2D6A123800E7AA91 /* Assets.xcassets */ = {isa = PBXFileReference; lastKnownFileType = folder.assetcatalog; path = Assets.xcassets; sourceTree = "<group>"; };
		40C5BA5C2D6A123800E7AA91 /* GameScene.sks */ = {isa = PBXFileReference; lastKnownFileType = file.sks; path = GameScene.sks; sourceTree = "<group>"; };
		40C5BA5D2D6A123800E7AA91 /* GameScene.swift */ = {isa = PBXFileReference; lastKnownFileType = sourcecode.swift; path = GameScene.swift; sourceTree = "<group>"; };
		40C5BA5E2D6A123800E7AA91 /* GameViewController.swift */ = {isa = PBXFileReference; lastKnownFileType = sourcecode.swift; path = GameViewController.swift; sourceTree = "<group>"; };
		40C5BA5F2D6A123800E7AA91 /* Base */ = {isa = PBXFileReference; lastKnownFileType = file.storyboard; name = Base; path = Base.lproj/LaunchScreen.storyboard; sourceTree = "<group>"; };
		40C5BA612D6A123800E7AA91 /* Base */ = {isa = PBXFileReference; lastKnownFileType = file.storyboard; name = Base; path = Base.lproj/Main.storyboard; sourceTree = "<group>"; };
		40C5BA6E2D6A124B00E7AA91 /* background.jpg */ = {isa = PBXFileReference; lastKnownFileType = image.jpeg; path = background.jpg; sourceTree = "<group>"; };
		40C5BA6F2D6A124B00E7AA91 /* background@2x.jpg */ = {isa = PBXFileReference; lastKnownFileType = image.jpeg; path = "background@2x.jpg"; sourceTree = "<group>"; };
		40C5BA702D6A124B00E7AA91 /* block.png */ = {isa = PBXFileReference; lastKnownFileType = image.png; path = block.png; sourceTree = "<group>"; };
		40C5BA712D6A124B00E7AA91 /* block@2x.png */ = {isa = PBXFileReference; lastKnownFileType = image.png; path = "block@2x.png"; sourceTree = "<group>"; };
		40C5BA722D6A124B00E7AA91 /* finish.png */ = {isa = PBXFileReference; lastKnownFileType = image.png; path = finish.png; sourceTree = "<group>"; };
		40C5BA732D6A124B00E7AA91 /* finish@2x.png */ = {isa = PBXFileReference; lastKnownFileType = image.png; path = "finish@2x.png"; sourceTree = "<group>"; };
		40C5BA742D6A124B00E7AA91 /* level1.txt */ = {isa = PBXFileReference; lastKnownFileType = text; path = level1.txt; sourceTree = "<group>"; };
		40C5BA752D6A124B00E7AA91 /* player.png */ = {isa = PBXFileReference; lastKnownFileType = image.png; path = player.png; sourceTree = "<group>"; };
		40C5BA762D6A124B00E7AA91 /* player@2x.png */ = {isa = PBXFileReference; lastKnownFileType = image.png; path = "player@2x.png"; sourceTree = "<group>"; };
		40C5BA772D6A124B00E7AA91 /* star.png */ = {isa = PBXFileReference; lastKnownFileType = image.png; path = star.png; sourceTree = "<group>"; };
		40C5BA782D6A124B00E7AA91 /* star@2x.png */ = {isa = PBXFileReference; lastKnownFileType = image.png; path = "star@2x.png"; sourceTree = "<group>"; };
		40C5BA792D6A124B00E7AA91 /* vortex.png */ = {isa = PBXFileReference; lastKnownFileType = image.png; path = vortex.png; sourceTree = "<group>"; };
		40C5BA7A2D6A124B00E7AA91 /* vortex@2x.png */ = {isa = PBXFileReference; lastKnownFileType = image.png; path = "vortex@2x.png"; sourceTree = "<group>"; };
/* End PBXFileReference section */

/* Begin PBXFileSystemSynchronizedRootGroup section */
		40BBBCA72D0DF314009A1843 /* Project26-MarbleMazeTests */ = {
			isa = PBXFileSystemSynchronizedRootGroup;
			path = "Project26-MarbleMazeTests";
			sourceTree = "<group>";
		};
		40BBBCB12D0DF314009A1843 /* Project26-MarbleMazeUITests */ = {
			isa = PBXFileSystemSynchronizedRootGroup;
			path = "Project26-MarbleMazeUITests";
			sourceTree = "<group>";
		};
/* End PBXFileSystemSynchronizedRootGroup section */

/* Begin PBXFrameworksBuildPhase section */
		40BBBC882D0DF30C009A1843 /* Frameworks */ = {
			isa = PBXFrameworksBuildPhase;
			buildActionMask = 2147483647;
			files = (
			);
			runOnlyForDeploymentPostprocessing = 0;
		};
		40BBBCA12D0DF314009A1843 /* Frameworks */ = {
			isa = PBXFrameworksBuildPhase;
			buildActionMask = 2147483647;
			files = (
			);
			runOnlyForDeploymentPostprocessing = 0;
		};
		40BBBCAB2D0DF314009A1843 /* Frameworks */ = {
			isa = PBXFrameworksBuildPhase;
			buildActionMask = 2147483647;
			files = (
			);
			runOnlyForDeploymentPostprocessing = 0;
		};
/* End PBXFrameworksBuildPhase section */

/* Begin PBXGroup section */
		40BBBC822D0DF30C009A1843 = {
			isa = PBXGroup;
			children = (
				40C5BA632D6A123800E7AA91 /* Project26-MarbleMaze */,
				40C5BA7B2D6A124B00E7AA91 /* Content */,
				40BBBCA72D0DF314009A1843 /* Project26-MarbleMazeTests */,
				40BBBCB12D0DF314009A1843 /* Project26-MarbleMazeUITests */,
				40BBBC8C2D0DF30C009A1843 /* Products */,
			);
			sourceTree = "<group>";
		};
		40BBBC8C2D0DF30C009A1843 /* Products */ = {
			isa = PBXGroup;
			children = (
				40BBBC8B2D0DF30C009A1843 /* Project26-MarbleMaze.app */,
				40BBBCA42D0DF314009A1843 /* Project26-MarbleMazeTests.xctest */,
				40BBBCAE2D0DF314009A1843 /* Project26-MarbleMazeUITests.xctest */,
			);
			name = Products;
			sourceTree = "<group>";
		};
		40C5BA562D6A123800E7AA91 /* Extensions */ = {
			isa = PBXGroup;
			children = (
				40C5BA552D6A123800E7AA91 /* GameScene+Ext.swift */,
			);
			path = Extensions;
			sourceTree = "<group>";
		};
		40C5BA582D6A123800E7AA91 /* Utilities */ = {
			isa = PBXGroup;
			children = (
				40C5BA572D6A123800E7AA91 /* Constants+utils.swift */,
			);
			path = Utilities;
			sourceTree = "<group>";
		};
		40C5BA632D6A123800E7AA91 /* Project26-MarbleMaze */ = {
			isa = PBXGroup;
			children = (
				40C5BA582D6A123800E7AA91 /* Utilities */,
				40C5BA562D6A123800E7AA91 /* Extensions */,
				40FEBC102D735F6D00A91B9B /* Screens */,
				40FEBC112D735F8B00A91B9B /* SKSFiles */,
				40FEBC122D735FC400A91B9B /* Support */,
			);
			path = "Project26-MarbleMaze";
			sourceTree = "<group>";
		};
		40C5BA7B2D6A124B00E7AA91 /* Content */ = {
			isa = PBXGroup;
			children = (
				40C5BA6E2D6A124B00E7AA91 /* background.jpg */,
				40C5BA6F2D6A124B00E7AA91 /* background@2x.jpg */,
				40C5BA702D6A124B00E7AA91 /* block.png */,
				40C5BA712D6A124B00E7AA91 /* block@2x.png */,
				40C5BA722D6A124B00E7AA91 /* finish.png */,
				40C5BA732D6A124B00E7AA91 /* finish@2x.png */,
				40C5BA752D6A124B00E7AA91 /* player.png */,
				40C5BA762D6A124B00E7AA91 /* player@2x.png */,
				40C5BA772D6A124B00E7AA91 /* star.png */,
				40C5BA782D6A124B00E7AA91 /* star@2x.png */,
				40C5BA792D6A124B00E7AA91 /* vortex.png */,
				40C5BA7A2D6A124B00E7AA91 /* vortex@2x.png */,
				40C5BA742D6A124B00E7AA91 /* level1.txt */,
			);
			path = Content;
			sourceTree = "<group>";
		};
		40FEBC102D735F6D00A91B9B /* Screens */ = {
			isa = PBXGroup;
			children = (
				40C5BA5D2D6A123800E7AA91 /* GameScene.swift */,
			);
			path = Screens;
			sourceTree = "<group>";
		};
		40FEBC112D735F8B00A91B9B /* SKSFiles */ = {
			isa = PBXGroup;
			children = (
				40C5BA592D6A123800E7AA91 /* Actions.sks */,
				40C5BA5C2D6A123800E7AA91 /* GameScene.sks */,
			);
			path = SKSFiles;
			sourceTree = "<group>";
		};
		40FEBC122D735FC400A91B9B /* Support */ = {
			isa = PBXGroup;
			children = (
				40C5BA5A2D6A123800E7AA91 /* AppDelegate.swift */,
				40C5BA5E2D6A123800E7AA91 /* GameViewController.swift */,
				40C5BA5B2D6A123800E7AA91 /* Assets.xcassets */,
				40C5BA602D6A123800E7AA91 /* LaunchScreen.storyboard */,
				40C5BA622D6A123800E7AA91 /* Main.storyboard */,
			);
			path = Support;
			sourceTree = "<group>";
		};
/* End PBXGroup section */

/* Begin PBXNativeTarget section */
		40BBBC8A2D0DF30C009A1843 /* Project26-MarbleMaze */ = {
			isa = PBXNativeTarget;
			buildConfigurationList = 40BBBCB82D0DF314009A1843 /* Build configuration list for PBXNativeTarget "Project26-MarbleMaze" */;
			buildPhases = (
				40BBBC872D0DF30C009A1843 /* Sources */,
				40BBBC882D0DF30C009A1843 /* Frameworks */,
				40BBBC892D0DF30C009A1843 /* Resources */,
			);
			buildRules = (
			);
			dependencies = (
			);
			name = "Project26-MarbleMaze";
			packageProductDependencies = (
			);
			productName = "Project26-MarbleMaze";
			productReference = 40BBBC8B2D0DF30C009A1843 /* Project26-MarbleMaze.app */;
			productType = "com.apple.product-type.application";
		};
		40BBBCA32D0DF314009A1843 /* Project26-MarbleMazeTests */ = {
			isa = PBXNativeTarget;
			buildConfigurationList = 40BBBCBB2D0DF314009A1843 /* Build configuration list for PBXNativeTarget "Project26-MarbleMazeTests" */;
			buildPhases = (
				40BBBCA02D0DF314009A1843 /* Sources */,
				40BBBCA12D0DF314009A1843 /* Frameworks */,
				40BBBCA22D0DF314009A1843 /* Resources */,
			);
			buildRules = (
			);
			dependencies = (
				40BBBCA62D0DF314009A1843 /* PBXTargetDependency */,
			);
			fileSystemSynchronizedGroups = (
				40BBBCA72D0DF314009A1843 /* Project26-MarbleMazeTests */,
			);
			name = "Project26-MarbleMazeTests";
			packageProductDependencies = (
			);
			productName = "Project26-MarbleMazeTests";
			productReference = 40BBBCA42D0DF314009A1843 /* Project26-MarbleMazeTests.xctest */;
			productType = "com.apple.product-type.bundle.unit-test";
		};
		40BBBCAD2D0DF314009A1843 /* Project26-MarbleMazeUITests */ = {
			isa = PBXNativeTarget;
			buildConfigurationList = 40BBBCBE2D0DF314009A1843 /* Build configuration list for PBXNativeTarget "Project26-MarbleMazeUITests" */;
			buildPhases = (
				40BBBCAA2D0DF314009A1843 /* Sources */,
				40BBBCAB2D0DF314009A1843 /* Frameworks */,
				40BBBCAC2D0DF314009A1843 /* Resources */,
			);
			buildRules = (
			);
			dependencies = (
				40BBBCB02D0DF314009A1843 /* PBXTargetDependency */,
			);
			fileSystemSynchronizedGroups = (
				40BBBCB12D0DF314009A1843 /* Project26-MarbleMazeUITests */,
			);
			name = "Project26-MarbleMazeUITests";
			packageProductDependencies = (
			);
			productName = "Project26-MarbleMazeUITests";
			productReference = 40BBBCAE2D0DF314009A1843 /* Project26-MarbleMazeUITests.xctest */;
			productType = "com.apple.product-type.bundle.ui-testing";
		};
/* End PBXNativeTarget section */

/* Begin PBXProject section */
		40BBBC832D0DF30C009A1843 /* Project object */ = {
			isa = PBXProject;
			attributes = {
				BuildIndependentTargetsInParallel = 1;
				LastSwiftUpdateCheck = 1620;
				LastUpgradeCheck = 1620;
				TargetAttributes = {
					40BBBC8A2D0DF30C009A1843 = {
						CreatedOnToolsVersion = 16.2;
					};
					40BBBCA32D0DF314009A1843 = {
						CreatedOnToolsVersion = 16.2;
						TestTargetID = 40BBBC8A2D0DF30C009A1843;
					};
					40BBBCAD2D0DF314009A1843 = {
						CreatedOnToolsVersion = 16.2;
						TestTargetID = 40BBBC8A2D0DF30C009A1843;
					};
				};
			};
			buildConfigurationList = 40BBBC862D0DF30C009A1843 /* Build configuration list for PBXProject "Project26-MarbleMaze" */;
			developmentRegion = en;
			hasScannedForEncodings = 0;
			knownRegions = (
				en,
				Base,
			);
			mainGroup = 40BBBC822D0DF30C009A1843;
			minimizedProjectReferenceProxies = 1;
			preferredProjectObjectVersion = 77;
			productRefGroup = 40BBBC8C2D0DF30C009A1843 /* Products */;
			projectDirPath = "";
			projectRoot = "";
			targets = (
				40BBBC8A2D0DF30C009A1843 /* Project26-MarbleMaze */,
				40BBBCA32D0DF314009A1843 /* Project26-MarbleMazeTests */,
				40BBBCAD2D0DF314009A1843 /* Project26-MarbleMazeUITests */,
			);
		};
/* End PBXProject section */

/* Begin PBXResourcesBuildPhase section */
		40BBBC892D0DF30C009A1843 /* Resources */ = {
			isa = PBXResourcesBuildPhase;
			buildActionMask = 2147483647;
			files = (
				40C5BA642D6A123800E7AA91 /* Actions.sks in Resources */,
				40C5BA652D6A123800E7AA91 /* Assets.xcassets in Resources */,
				40C5BA662D6A123800E7AA91 /* GameScene.sks in Resources */,
				40C5BA672D6A123800E7AA91 /* LaunchScreen.storyboard in Resources */,
				40C5BA682D6A123800E7AA91 /* Main.storyboard in Resources */,
				40C5BA7C2D6A124B00E7AA91 /* background.jpg in Resources */,
				40C5BA7D2D6A124B00E7AA91 /* background@2x.jpg in Resources */,
				40C5BA7E2D6A124B00E7AA91 /* block.png in Resources */,
				40C5BA7F2D6A124B00E7AA91 /* block@2x.png in Resources */,
				40C5BA802D6A124B00E7AA91 /* finish.png in Resources */,
				40C5BA812D6A124B00E7AA91 /* finish@2x.png in Resources */,
				40C5BA822D6A124B00E7AA91 /* level1.txt in Resources */,
				40C5BA832D6A124B00E7AA91 /* player.png in Resources */,
				40C5BA842D6A124B00E7AA91 /* player@2x.png in Resources */,
				40C5BA852D6A124B00E7AA91 /* star.png in Resources */,
				40C5BA862D6A124B00E7AA91 /* star@2x.png in Resources */,
				40C5BA872D6A124B00E7AA91 /* vortex.png in Resources */,
				40C5BA882D6A124B00E7AA91 /* vortex@2x.png in Resources */,
			);
			runOnlyForDeploymentPostprocessing = 0;
		};
		40BBBCA22D0DF314009A1843 /* Resources */ = {
			isa = PBXResourcesBuildPhase;
			buildActionMask = 2147483647;
			files = (
			);
			runOnlyForDeploymentPostprocessing = 0;
		};
		40BBBCAC2D0DF314009A1843 /* Resources */ = {
			isa = PBXResourcesBuildPhase;
			buildActionMask = 2147483647;
			files = (
			);
			runOnlyForDeploymentPostprocessing = 0;
		};
/* End PBXResourcesBuildPhase section */

/* Begin PBXSourcesBuildPhase section */
		40BBBC872D0DF30C009A1843 /* Sources */ = {
			isa = PBXSourcesBuildPhase;
			buildActionMask = 2147483647;
			files = (
				40C5BA692D6A123800E7AA91 /* GameScene+Ext.swift in Sources */,
				40C5BA6A2D6A123800E7AA91 /* Constants+utils.swift in Sources */,
				40C5BA6B2D6A123800E7AA91 /* AppDelegate.swift in Sources */,
				40C5BA6C2D6A123800E7AA91 /* GameScene.swift in Sources */,
				40C5BA6D2D6A123800E7AA91 /* GameViewController.swift in Sources */,
			);
			runOnlyForDeploymentPostprocessing = 0;
		};
		40BBBCA02D0DF314009A1843 /* Sources */ = {
			isa = PBXSourcesBuildPhase;
			buildActionMask = 2147483647;
			files = (
			);
			runOnlyForDeploymentPostprocessing = 0;
		};
		40BBBCAA2D0DF314009A1843 /* Sources */ = {
			isa = PBXSourcesBuildPhase;
			buildActionMask = 2147483647;
			files = (
			);
			runOnlyForDeploymentPostprocessing = 0;
		};
/* End PBXSourcesBuildPhase section */

/* Begin PBXTargetDependency section */
		40BBBCA62D0DF314009A1843 /* PBXTargetDependency */ = {
			isa = PBXTargetDependency;
			target = 40BBBC8A2D0DF30C009A1843 /* Project26-MarbleMaze */;
			targetProxy = 40BBBCA52D0DF314009A1843 /* PBXContainerItemProxy */;
		};
		40BBBCB02D0DF314009A1843 /* PBXTargetDependency */ = {
			isa = PBXTargetDependency;
			target = 40BBBC8A2D0DF30C009A1843 /* Project26-MarbleMaze */;
			targetProxy = 40BBBCAF2D0DF314009A1843 /* PBXContainerItemProxy */;
		};
/* End PBXTargetDependency section */

/* Begin PBXVariantGroup section */
		40C5BA602D6A123800E7AA91 /* LaunchScreen.storyboard */ = {
			isa = PBXVariantGroup;
			children = (
				40C5BA5F2D6A123800E7AA91 /* Base */,
			);
			name = LaunchScreen.storyboard;
			sourceTree = "<group>";
		};
		40C5BA622D6A123800E7AA91 /* Main.storyboard */ = {
			isa = PBXVariantGroup;
			children = (
				40C5BA612D6A123800E7AA91 /* Base */,
			);
			name = Main.storyboard;
			sourceTree = "<group>";
		};
/* End PBXVariantGroup section */

/* Begin XCBuildConfiguration section */
		40BBBCB62D0DF314009A1843 /* Debug */ = {
			isa = XCBuildConfiguration;
			buildSettings = {
				ALWAYS_SEARCH_USER_PATHS = NO;
				ASSETCATALOG_COMPILER_GENERATE_SWIFT_ASSET_SYMBOL_EXTENSIONS = YES;
				CLANG_ANALYZER_NONNULL = YES;
				CLANG_ANALYZER_NUMBER_OBJECT_CONVERSION = YES_AGGRESSIVE;
				CLANG_CXX_LANGUAGE_STANDARD = "gnu++20";
				CLANG_ENABLE_MODULES = YES;
				CLANG_ENABLE_OBJC_ARC = YES;
				CLANG_ENABLE_OBJC_WEAK = YES;
				CLANG_WARN_BLOCK_CAPTURE_AUTORELEASING = YES;
				CLANG_WARN_BOOL_CONVERSION = YES;
				CLANG_WARN_COMMA = YES;
				CLANG_WARN_CONSTANT_CONVERSION = YES;
				CLANG_WARN_DEPRECATED_OBJC_IMPLEMENTATIONS = YES;
				CLANG_WARN_DIRECT_OBJC_ISA_USAGE = YES_ERROR;
				CLANG_WARN_DOCUMENTATION_COMMENTS = YES;
				CLANG_WARN_EMPTY_BODY = YES;
				CLANG_WARN_ENUM_CONVERSION = YES;
				CLANG_WARN_INFINITE_RECURSION = YES;
				CLANG_WARN_INT_CONVERSION = YES;
				CLANG_WARN_NON_LITERAL_NULL_CONVERSION = YES;
				CLANG_WARN_OBJC_IMPLICIT_RETAIN_SELF = YES;
				CLANG_WARN_OBJC_LITERAL_CONVERSION = YES;
				CLANG_WARN_OBJC_ROOT_CLASS = YES_ERROR;
				CLANG_WARN_QUOTED_INCLUDE_IN_FRAMEWORK_HEADER = YES;
				CLANG_WARN_RANGE_LOOP_ANALYSIS = YES;
				CLANG_WARN_STRICT_PROTOTYPES = YES;
				CLANG_WARN_SUSPICIOUS_MOVE = YES;
				CLANG_WARN_UNGUARDED_AVAILABILITY = YES_AGGRESSIVE;
				CLANG_WARN_UNREACHABLE_CODE = YES;
				CLANG_WARN__DUPLICATE_METHOD_MATCH = YES;
				COPY_PHASE_STRIP = NO;
				DEBUG_INFORMATION_FORMAT = dwarf;
				ENABLE_STRICT_OBJC_MSGSEND = YES;
				ENABLE_TESTABILITY = YES;
				ENABLE_USER_SCRIPT_SANDBOXING = YES;
				GCC_C_LANGUAGE_STANDARD = gnu17;
				GCC_DYNAMIC_NO_PIC = NO;
				GCC_NO_COMMON_BLOCKS = YES;
				GCC_OPTIMIZATION_LEVEL = 0;
				GCC_PREPROCESSOR_DEFINITIONS = (
					"DEBUG=1",
					"$(inherited)",
				);
				GCC_WARN_64_TO_32_BIT_CONVERSION = YES;
				GCC_WARN_ABOUT_RETURN_TYPE = YES_ERROR;
				GCC_WARN_UNDECLARED_SELECTOR = YES;
				GCC_WARN_UNINITIALIZED_AUTOS = YES_AGGRESSIVE;
				GCC_WARN_UNUSED_FUNCTION = YES;
				GCC_WARN_UNUSED_VARIABLE = YES;
				IPHONEOS_DEPLOYMENT_TARGET = 18.2;
				LOCALIZATION_PREFERS_STRING_CATALOGS = YES;
				MTL_ENABLE_DEBUG_INFO = INCLUDE_SOURCE;
				MTL_FAST_MATH = YES;
				ONLY_ACTIVE_ARCH = YES;
				SDKROOT = iphoneos;
				SWIFT_ACTIVE_COMPILATION_CONDITIONS = "DEBUG $(inherited)";
				SWIFT_OPTIMIZATION_LEVEL = "-Onone";
			};
			name = Debug;
		};
		40BBBCB72D0DF314009A1843 /* Release */ = {
			isa = XCBuildConfiguration;
			buildSettings = {
				ALWAYS_SEARCH_USER_PATHS = NO;
				ASSETCATALOG_COMPILER_GENERATE_SWIFT_ASSET_SYMBOL_EXTENSIONS = YES;
				CLANG_ANALYZER_NONNULL = YES;
				CLANG_ANALYZER_NUMBER_OBJECT_CONVERSION = YES_AGGRESSIVE;
				CLANG_CXX_LANGUAGE_STANDARD = "gnu++20";
				CLANG_ENABLE_MODULES = YES;
				CLANG_ENABLE_OBJC_ARC = YES;
				CLANG_ENABLE_OBJC_WEAK = YES;
				CLANG_WARN_BLOCK_CAPTURE_AUTORELEASING = YES;
				CLANG_WARN_BOOL_CONVERSION = YES;
				CLANG_WARN_COMMA = YES;
				CLANG_WARN_CONSTANT_CONVERSION = YES;
				CLANG_WARN_DEPRECATED_OBJC_IMPLEMENTATIONS = YES;
				CLANG_WARN_DIRECT_OBJC_ISA_USAGE = YES_ERROR;
				CLANG_WARN_DOCUMENTATION_COMMENTS = YES;
				CLANG_WARN_EMPTY_BODY = YES;
				CLANG_WARN_ENUM_CONVERSION = YES;
				CLANG_WARN_INFINITE_RECURSION = YES;
				CLANG_WARN_INT_CONVERSION = YES;
				CLANG_WARN_NON_LITERAL_NULL_CONVERSION = YES;
				CLANG_WARN_OBJC_IMPLICIT_RETAIN_SELF = YES;
				CLANG_WARN_OBJC_LITERAL_CONVERSION = YES;
				CLANG_WARN_OBJC_ROOT_CLASS = YES_ERROR;
				CLANG_WARN_QUOTED_INCLUDE_IN_FRAMEWORK_HEADER = YES;
				CLANG_WARN_RANGE_LOOP_ANALYSIS = YES;
				CLANG_WARN_STRICT_PROTOTYPES = YES;
				CLANG_WARN_SUSPICIOUS_MOVE = YES;
				CLANG_WARN_UNGUARDED_AVAILABILITY = YES_AGGRESSIVE;
				CLANG_WARN_UNREACHABLE_CODE = YES;
				CLANG_WARN__DUPLICATE_METHOD_MATCH = YES;
				COPY_PHASE_STRIP = NO;
				DEBUG_INFORMATION_FORMAT = "dwarf-with-dsym";
				ENABLE_NS_ASSERTIONS = NO;
				ENABLE_STRICT_OBJC_MSGSEND = YES;
				ENABLE_USER_SCRIPT_SANDBOXING = YES;
				GCC_C_LANGUAGE_STANDARD = gnu17;
				GCC_NO_COMMON_BLOCKS = YES;
				GCC_WARN_64_TO_32_BIT_CONVERSION = YES;
				GCC_WARN_ABOUT_RETURN_TYPE = YES_ERROR;
				GCC_WARN_UNDECLARED_SELECTOR = YES;
				GCC_WARN_UNINITIALIZED_AUTOS = YES_AGGRESSIVE;
				GCC_WARN_UNUSED_FUNCTION = YES;
				GCC_WARN_UNUSED_VARIABLE = YES;
				IPHONEOS_DEPLOYMENT_TARGET = 18.2;
				LOCALIZATION_PREFERS_STRING_CATALOGS = YES;
				MTL_ENABLE_DEBUG_INFO = NO;
				MTL_FAST_MATH = YES;
				SDKROOT = iphoneos;
				SWIFT_COMPILATION_MODE = wholemodule;
				VALIDATE_PRODUCT = YES;
			};
			name = Release;
		};
		40BBBCB92D0DF314009A1843 /* Debug */ = {
			isa = XCBuildConfiguration;
			buildSettings = {
				ASSETCATALOG_COMPILER_APPICON_NAME = AppIcon;
				ASSETCATALOG_COMPILER_GLOBAL_ACCENT_COLOR_NAME = AccentColor;
				CODE_SIGN_STYLE = Automatic;
				CURRENT_PROJECT_VERSION = 1;
				DEVELOPMENT_TEAM = M9MT23QW7V;
				GENERATE_INFOPLIST_FILE = YES;
				INFOPLIST_KEY_UIApplicationSupportsIndirectInputEvents = YES;
				INFOPLIST_KEY_UILaunchStoryboardName = LaunchScreen;
				INFOPLIST_KEY_UIMainStoryboardFile = Main;
				INFOPLIST_KEY_UIStatusBarHidden = YES;
				INFOPLIST_KEY_UISupportedInterfaceOrientations_iPad = UIInterfaceOrientationLandscapeRight;
				LD_RUNPATH_SEARCH_PATHS = (
					"$(inherited)",
					"@executable_path/Frameworks",
				);
				MARKETING_VERSION = 1.0;
				PRODUCT_BUNDLE_IDENTIFIER = "noahpope.Project26-MarbleMaze";
				PRODUCT_NAME = "$(TARGET_NAME)";
				SWIFT_EMIT_LOC_STRINGS = YES;
				SWIFT_VERSION = 5.0;
				TARGETED_DEVICE_FAMILY = "1,2";
			};
			name = Debug;
		};
		40BBBCBA2D0DF314009A1843 /* Release */ = {
			isa = XCBuildConfiguration;
			buildSettings = {
				ASSETCATALOG_COMPILER_APPICON_NAME = AppIcon;
				ASSETCATALOG_COMPILER_GLOBAL_ACCENT_COLOR_NAME = AccentColor;
				CODE_SIGN_STYLE = Automatic;
				CURRENT_PROJECT_VERSION = 1;
				DEVELOPMENT_TEAM = M9MT23QW7V;
				GENERATE_INFOPLIST_FILE = YES;
				INFOPLIST_KEY_UIApplicationSupportsIndirectInputEvents = YES;
				INFOPLIST_KEY_UILaunchStoryboardName = LaunchScreen;
				INFOPLIST_KEY_UIMainStoryboardFile = Main;
				INFOPLIST_KEY_UIStatusBarHidden = YES;
				INFOPLIST_KEY_UISupportedInterfaceOrientations_iPad = UIInterfaceOrientationLandscapeRight;
				LD_RUNPATH_SEARCH_PATHS = (
					"$(inherited)",
					"@executable_path/Frameworks",
				);
				MARKETING_VERSION = 1.0;
				PRODUCT_BUNDLE_IDENTIFIER = "noahpope.Project26-MarbleMaze";
				PRODUCT_NAME = "$(TARGET_NAME)";
				SWIFT_EMIT_LOC_STRINGS = YES;
				SWIFT_VERSION = 5.0;
				TARGETED_DEVICE_FAMILY = "1,2";
			};
			name = Release;
		};
		40BBBCBC2D0DF314009A1843 /* Debug */ = {
			isa = XCBuildConfiguration;
			buildSettings = {
				BUNDLE_LOADER = "$(TEST_HOST)";
				CODE_SIGN_STYLE = Automatic;
				CURRENT_PROJECT_VERSION = 1;
				DEVELOPMENT_TEAM = M9MT23QW7V;
				GENERATE_INFOPLIST_FILE = YES;
				IPHONEOS_DEPLOYMENT_TARGET = 18.2;
				MARKETING_VERSION = 1.0;
				PRODUCT_BUNDLE_IDENTIFIER = "noahpope.Project26-MarbleMazeTests";
				PRODUCT_NAME = "$(TARGET_NAME)";
				SWIFT_EMIT_LOC_STRINGS = NO;
				SWIFT_VERSION = 5.0;
				TARGETED_DEVICE_FAMILY = "1,2";
				TEST_HOST = "$(BUILT_PRODUCTS_DIR)/Project26-MarbleMaze.app/$(BUNDLE_EXECUTABLE_FOLDER_PATH)/Project26-MarbleMaze";
			};
			name = Debug;
		};
		40BBBCBD2D0DF314009A1843 /* Release */ = {
			isa = XCBuildConfiguration;
			buildSettings = {
				BUNDLE_LOADER = "$(TEST_HOST)";
				CODE_SIGN_STYLE = Automatic;
				CURRENT_PROJECT_VERSION = 1;
				DEVELOPMENT_TEAM = M9MT23QW7V;
				GENERATE_INFOPLIST_FILE = YES;
				IPHONEOS_DEPLOYMENT_TARGET = 18.2;
				MARKETING_VERSION = 1.0;
				PRODUCT_BUNDLE_IDENTIFIER = "noahpope.Project26-MarbleMazeTests";
				PRODUCT_NAME = "$(TARGET_NAME)";
				SWIFT_EMIT_LOC_STRINGS = NO;
				SWIFT_VERSION = 5.0;
				TARGETED_DEVICE_FAMILY = "1,2";
				TEST_HOST = "$(BUILT_PRODUCTS_DIR)/Project26-MarbleMaze.app/$(BUNDLE_EXECUTABLE_FOLDER_PATH)/Project26-MarbleMaze";
			};
			name = Release;
		};
		40BBBCBF2D0DF314009A1843 /* Debug */ = {
			isa = XCBuildConfiguration;
			buildSettings = {
				CODE_SIGN_STYLE = Automatic;
				CURRENT_PROJECT_VERSION = 1;
				DEVELOPMENT_TEAM = M9MT23QW7V;
				GENERATE_INFOPLIST_FILE = YES;
				MARKETING_VERSION = 1.0;
				PRODUCT_BUNDLE_IDENTIFIER = "noahpope.Project26-MarbleMazeUITests";
				PRODUCT_NAME = "$(TARGET_NAME)";
				SWIFT_EMIT_LOC_STRINGS = NO;
				SWIFT_VERSION = 5.0;
				TARGETED_DEVICE_FAMILY = "1,2";
				TEST_TARGET_NAME = "Project26-MarbleMaze";
			};
			name = Debug;
		};
		40BBBCC02D0DF314009A1843 /* Release */ = {
			isa = XCBuildConfiguration;
			buildSettings = {
				CODE_SIGN_STYLE = Automatic;
				CURRENT_PROJECT_VERSION = 1;
				DEVELOPMENT_TEAM = M9MT23QW7V;
				GENERATE_INFOPLIST_FILE = YES;
				MARKETING_VERSION = 1.0;
				PRODUCT_BUNDLE_IDENTIFIER = "noahpope.Project26-MarbleMazeUITests";
				PRODUCT_NAME = "$(TARGET_NAME)";
				SWIFT_EMIT_LOC_STRINGS = NO;
				SWIFT_VERSION = 5.0;
				TARGETED_DEVICE_FAMILY = "1,2";
				TEST_TARGET_NAME = "Project26-MarbleMaze";
			};
			name = Release;
		};
/* End XCBuildConfiguration section */

/* Begin XCConfigurationList section */
		40BBBC862D0DF30C009A1843 /* Build configuration list for PBXProject "Project26-MarbleMaze" */ = {
			isa = XCConfigurationList;
			buildConfigurations = (
				40BBBCB62D0DF314009A1843 /* Debug */,
				40BBBCB72D0DF314009A1843 /* Release */,
			);
			defaultConfigurationIsVisible = 0;
			defaultConfigurationName = Release;
		};
		40BBBCB82D0DF314009A1843 /* Build configuration list for PBXNativeTarget "Project26-MarbleMaze" */ = {
			isa = XCConfigurationList;
			buildConfigurations = (
				40BBBCB92D0DF314009A1843 /* Debug */,
				40BBBCBA2D0DF314009A1843 /* Release */,
			);
			defaultConfigurationIsVisible = 0;
			defaultConfigurationName = Release;
		};
		40BBBCBB2D0DF314009A1843 /* Build configuration list for PBXNativeTarget "Project26-MarbleMazeTests" */ = {
			isa = XCConfigurationList;
			buildConfigurations = (
				40BBBCBC2D0DF314009A1843 /* Debug */,
				40BBBCBD2D0DF314009A1843 /* Release */,
			);
			defaultConfigurationIsVisible = 0;
			defaultConfigurationName = Release;
		};
		40BBBCBE2D0DF314009A1843 /* Build configuration list for PBXNativeTarget "Project26-MarbleMazeUITests" */ = {
			isa = XCConfigurationList;
			buildConfigurations = (
				40BBBCBF2D0DF314009A1843 /* Debug */,
				40BBBCC02D0DF314009A1843 /* Release */,
			);
			defaultConfigurationIsVisible = 0;
			defaultConfigurationName = Release;
		};
/* End XCConfigurationList section */
	};
	rootObject = 40BBBC832D0DF30C009A1843 /* Project object */;
}
